// !$*UTF8*$!
{
	archiveVersion = 1;
	classes = {
	};
	objectVersion = 77;
	objects = {

/* Begin PBXBuildFile section */
		B767913F2FC905FF0047ACA7 /* .gitignore in Resources */ = {isa = PBXBuildFile; fileRef = B767913E2FC905F20047ACA7 /* .gitignore */; };
		B76791412FC90A1C0047ACA7 /* README.md in Resources */ = {isa = PBXBuildFile; fileRef = B76791402FC90A150047ACA7 /* README.md */; };
/* End PBXBuildFile section */

/* Begin PBXContainerItemProxy section */
		B76791202FC8FB7D0047ACA7 /* PBXContainerItemProxy */ = {
			isa = PBXContainerItemProxy;
			containerPortal = B76791082FC8FB7C0047ACA7 /* Project object */;
			proxyType = 1;
			remoteGlobalIDString = B767910F2FC8FB7C0047ACA7;
			remoteInfo = "Swift-Hub-AMG";
		};
		B767912A2FC8FB7D0047ACA7 /* PBXContainerItemProxy */ = {
			isa = PBXContainerItemProxy;
			containerPortal = B76791082FC8FB7C0047ACA7 /* Project object */;
			proxyType = 1;
			remoteGlobalIDString = B767910F2FC8FB7C0047ACA7;
			remoteInfo = "Swift-Hub-AMG";
		};
/* End PBXContainerItemProxy section */

/* Begin PBXFileReference section */
		B76791102FC8FB7C0047ACA7 /* Swift-Hub-AMG.app */ = {isa = PBXFileReference; explicitFileType = wrapper.application; includeInIndex = 0; path = "Swift-Hub-AMG.app"; sourceTree = BUILT_PRODUCTS_DIR; };
		B767911F2FC8FB7D0047ACA7 /* Swift-Hub-AMGTests.xctest */ = {isa = PBXFileReference; explicitFileType = wrapper.cfbundle; includeInIndex = 0; path = "Swift-Hub-AMGTests.xctest"; sourceTree = BUILT_PRODUCTS_DIR; };
		B76791292FC8FB7D0047ACA7 /* Swift-Hub-AMGUITests.xctest */ = {isa = PBXFileReference; explicitFileType = wrapper.cfbundle; includeInIndex = 0; path = "Swift-Hub-AMGUITests.xctest"; sourceTree = BUILT_PRODUCTS_DIR; };
		B767913E2FC905F20047ACA7 /* .gitignore */ = {isa = PBXFileReference; lastKnownFileType = text; path = .gitignore; sourceTree = "<group>"; };
		B76791402FC90A150047ACA7 /* README.md */ = {isa = PBXFileReference; lastKnownFileType = net.daringfireball.markdown; path = README.md; sourceTree = "<group>"; };
/* End PBXFileReference section */

/* Begin PBXFileSystemSynchronizedRootGroup section */
		B76791122FC8FB7C0047ACA7 /* Swift-Hub-AMG */ = {
			isa = PBXFileSystemSynchronizedRootGroup;
			path = "Swift-Hub-AMG";
			sourceTree = "<group>";
		};
		B76791222FC8FB7D0047ACA7 /* Swift-Hub-AMGTests */ = {
			isa = PBXFileSystemSynchronizedRootGroup;
			path = "Swift-Hub-AMGTests";
			sourceTree = "<group>";
		};
		B767912C2FC8FB7D0047ACA7 /* Swift-Hub-AMGUITests */ = {
			isa = PBXFileSystemSynchronizedRootGroup;
			path = "Swift-Hub-AMGUITests";
			sourceTree = "<group>";
		};
/* End PBXFileSystemSynchronizedRootGroup section */

/* Begin PBXFrameworksBuildPhase section */
		B767910D2FC8FB7C0047ACA7 /* Frameworks */ = {
			isa = PBXFrameworksBuildPhase;
			buildActionMask = 2147483647;
			files = (
			);
			runOnlyForDeploymentPostprocessing = 0;
		};
		B767911C2FC8FB7D0047ACA7 /* Frameworks */ = {
			isa = PBXFrameworksBuildPhase;
			buildActionMask = 2147483647;
			files = (
			);
			runOnlyForDeploymentPostprocessing = 0;
		};
		B76791262FC8FB7D0047ACA7 /* Frameworks */ = {
			isa = PBXFrameworksBuildPhase;
			buildActionMask = 2147483647;
			files = (
			);
			runOnlyForDeploymentPostprocessing = 0;
		};
/* End PBXFrameworksBuildPhase section */

/* Begin PBXGroup section */
		B76791072FC8FB7C0047ACA7 = {
			isa = PBXGroup;
			children = (
				B76791122FC8FB7C0047ACA7 /* Swift-Hub-AMG */,
				B76791222FC8FB7D0047ACA7 /* Swift-Hub-AMGTests */,
				B767912C2FC8FB7D0047ACA7 /* Swift-Hub-AMGUITests */,
				B76791112FC8FB7C0047ACA7 /* Products */,
				B767913E2FC905F20047ACA7 /* .gitignore */,
				B76791402FC90A150047ACA7 /* README.md */,
			);
			sourceTree = "<group>";
		};
		B76791112FC8FB7C0047ACA7 /* Products */ = {
			isa = PBXGroup;
			children = (
				B76791102FC8FB7C0047ACA7 /* Swift-Hub-AMG.app */,
				B767911F2FC8FB7D0047ACA7 /* Swift-Hub-AMGTests.xctest */,
				B76791292FC8FB7D0047ACA7 /* Swift-Hub-AMGUITests.xctest */,
			);
			name = Products;
			sourceTree = "<group>";
		};
/* End PBXGroup section */

/* Begin PBXNativeTarget section */
		B767910F2FC8FB7C0047ACA7 /* Swift-Hub-AMG */ = {
			isa = PBXNativeTarget;
			buildConfigurationList = B76791332FC8FB7D0047ACA7 /* Build configuration list for PBXNativeTarget "Swift-Hub-AMG" */;
			buildPhases = (
				B767910C2FC8FB7C0047ACA7 /* Sources */,
				B767910D2FC8FB7C0047ACA7 /* Frameworks */,
				B767910E2FC8FB7C0047ACA7 /* Resources */,
			);
			buildRules = (
			);
			dependencies = (
			);
			fileSystemSynchronizedGroups = (
				B76791122FC8FB7C0047ACA7 /* Swift-Hub-AMG */,
			);
			name = "Swift-Hub-AMG";
			packageProductDependencies = (
			);
			productName = "Swift-Hub-AMG";
			productReference = B76791102FC8FB7C0047ACA7 /* Swift-Hub-AMG.app */;
			productType = "com.apple.product-type.application";
		};
		B767911E2FC8FB7D0047ACA7 /* Swift-Hub-AMGTests */ = {
			isa = PBXNativeTarget;
			buildConfigurationList = B76791362FC8FB7D0047ACA7 /* Build configuration list for PBXNativeTarget "Swift-Hub-AMGTests" */;
			buildPhases = (
				B767911B2FC8FB7D0047ACA7 /* Sources */,
				B767911C2FC8FB7D0047ACA7 /* Frameworks */,
				B767911D2FC8FB7D0047ACA7 /* Resources */,
			);
			buildRules = (
			);
			dependencies = (
				B76791212FC8FB7D0047ACA7 /* PBXTargetDependency */,
			);
			fileSystemSynchronizedGroups = (
				B76791222FC8FB7D0047ACA7 /* Swift-Hub-AMGTests */,
			);
			name = "Swift-Hub-AMGTests";
			packageProductDependencies = (
			);
			productName = "Swift-Hub-AMGTests";
			productReference = B767911F2FC8FB7D0047ACA7 /* Swift-Hub-AMGTests.xctest */;
			productType = "com.apple.product-type.bundle.unit-test";
		};
		B76791282FC8FB7D0047ACA7 /* Swift-Hub-AMGUITests */ = {
			isa = PBXNativeTarget;
			buildConfigurationList = B76791392FC8FB7D0047ACA7 /* Build configuration list for PBXNativeTarget "Swift-Hub-AMGUITests" */;
			buildPhases = (
				B76791252FC8FB7D0047ACA7 /* Sources */,
				B76791262FC8FB7D0047ACA7 /* Frameworks */,
				B76791272FC8FB7D0047ACA7 /* Resources */,
			);
			buildRules = (
			);
			dependencies = (
				B767912B2FC8FB7D0047ACA7 /* PBXTargetDependency */,
			);
			fileSystemSynchronizedGroups = (
				B767912C2FC8FB7D0047ACA7 /* Swift-Hub-AMGUITests */,
			);
			name = "Swift-Hub-AMGUITests";
			packageProductDependencies = (
			);
			productName = "Swift-Hub-AMGUITests";
			productReference = B76791292FC8FB7D0047ACA7 /* Swift-Hub-AMGUITests.xctest */;
			productType = "com.apple.product-type.bundle.ui-testing";
		};
/* End PBXNativeTarget section */

/* Begin PBXProject section */
		B76791082FC8FB7C0047ACA7 /* Project object */ = {
			isa = PBXProject;
			attributes = {
				BuildIndependentTargetsInParallel = 1;
				LastSwiftUpdateCheck = 1640;
				LastUpgradeCheck = 1640;
				TargetAttributes = {
					B767910F2FC8FB7C0047ACA7 = {
						CreatedOnToolsVersion = 16.4;
					};
					B767911E2FC8FB7D0047ACA7 = {
						CreatedOnToolsVersion = 16.4;
						TestTargetID = B767910F2FC8FB7C0047ACA7;
					};
					B76791282FC8FB7D0047ACA7 = {
						CreatedOnToolsVersion = 16.4;
						TestTargetID = B767910F2FC8FB7C0047ACA7;
					};
				};
			};
			buildConfigurationList = B767910B2FC8FB7C0047ACA7 /* Build configuration list for PBXProject "Swift-Hub-AMG" */;
			developmentRegion = en;
			hasScannedForEncodings = 0;
			knownRegions = (
				en,
				Base,
			);
			mainGroup = B76791072FC8FB7C0047ACA7;
			minimizedProjectReferenceProxies = 1;
			preferredProjectObjectVersion = 77;
			productRefGroup = B76791112FC8FB7C0047ACA7 /* Products */;
			projectDirPath = "";
			projectRoot = "";
			targets = (
				B767910F2FC8FB7C0047ACA7 /* Swift-Hub-AMG */,
				B767911E2FC8FB7D0047ACA7 /* Swift-Hub-AMGTests */,
				B76791282FC8FB7D0047ACA7 /* Swift-Hub-AMGUITests */,
			);
		};
/* End PBXProject section */

/* Begin PBXResourcesBuildPhase section */
		B767910E2FC8FB7C0047ACA7 /* Resources */ = {
			isa = PBXResourcesBuildPhase;
			buildActionMask = 2147483647;
			files = (
				B76791412FC90A1C0047ACA7 /* README.md in Resources */,
				B767913F2FC905FF0047ACA7 /* .gitignore in Resources */,
			);
			runOnlyForDeploymentPostprocessing = 0;
		};
		B767911D2FC8FB7D0047ACA7 /* Resources */ = {
			isa = PBXResourcesBuildPhase;
			buildActionMask = 2147483647;
			files = (
			);
			runOnlyForDeploymentPostprocessing = 0;
		};
		B76791272FC8FB7D0047ACA7 /* Resources */ = {
			isa = PBXResourcesBuildPhase;
			buildActionMask = 2147483647;
			files = (
			);
			runOnlyForDeploymentPostprocessing = 0;
		};
/* End PBXResourcesBuildPhase section */

/* Begin PBXSourcesBuildPhase section */
		B767910C2FC8FB7C0047ACA7 /* Sources */ = {
			isa = PBXSourcesBuildPhase;
			buildActionMask = 2147483647;
			files = (
			);
			runOnlyForDeploymentPostprocessing = 0;
		};
		B767911B2FC8FB7D0047ACA7 /* Sources */ = {
			isa = PBXSourcesBuildPhase;
			buildActionMask = 2147483647;
			files = (
			);
			runOnlyForDeploymentPostprocessing = 0;
		};
		B76791252FC8FB7D0047ACA7 /* Sources */ = {
			isa = PBXSourcesBuildPhase;
			buildActionMask = 2147483647;
			files = (
			);
			runOnlyForDeploymentPostprocessing = 0;
		};
/* End PBXSourcesBuildPhase section */

/* Begin PBXTargetDependency section */
		B76791212FC8FB7D0047ACA7 /* PBXTargetDependency */ = {
			isa = PBXTargetDependency;
			target = B767910F2FC8FB7C0047ACA7 /* Swift-Hub-AMG */;
			targetProxy = B76791202FC8FB7D0047ACA7 /* PBXContainerItemProxy */;
		};
		B767912B2FC8FB7D0047ACA7 /* PBXTargetDependency */ = {
			isa = PBXTargetDependency;
			target = B767910F2FC8FB7C0047ACA7 /* Swift-Hub-AMG */;
			targetProxy = B767912A2FC8FB7D0047ACA7 /* PBXContainerItemProxy */;
		};
/* End PBXTargetDependency section */

/* Begin XCBuildConfiguration section */
		B76791312FC8FB7D0047ACA7 /* Debug */ = {
			isa = XCBuildConfiguration;
			buildSettings = {
				ALWAYS_SEARCH_USER_PATHS = NO;
				ASSETCATALOG_COMPILER_GENERATE_SWIFT_ASSET_SYMBOL_EXTENSIONS = YES;
				CLANG_ANALYZER_NONNULL = YES;
				CLANG_ANALYZER_NUMBER_OBJECT_CONVERSION = YES_AGGRESSIVE;
				CLANG_CXX_LANGUAGE_STANDARD = "gnu++20";
				CLANG_ENABLE_MODULES = YES;
				CLANG_ENABLE_OBJC_ARC = YES;
				CLANG_ENABLE_OBJC_WEAK = YES;
				CLANG_WARN_BLOCK_CAPTURE_AUTORELEASING = YES;
				CLANG_WARN_BOOL_CONVERSION = YES;
				CLANG_WARN_COMMA = YES;
				CLANG_WARN_CONSTANT_CONVERSION = YES;
				CLANG_WARN_DEPRECATED_OBJC_IMPLEMENTATIONS = YES;
				CLANG_WARN_DIRECT_OBJC_ISA_USAGE = YES_ERROR;
				CLANG_WARN_DOCUMENTATION_COMMENTS = YES;
				CLANG_WARN_EMPTY_BODY = YES;
				CLANG_WARN_ENUM_CONVERSION = YES;
				CLANG_WARN_INFINITE_RECURSION = YES;
				CLANG_WARN_INT_CONVERSION = YES;
				CLANG_WARN_NON_LITERAL_NULL_CONVERSION = YES;
				CLANG_WARN_OBJC_IMPLICIT_RETAIN_SELF = YES;
				CLANG_WARN_OBJC_LITERAL_CONVERSION = YES;
				CLANG_WARN_OBJC_ROOT_CLASS = YES_ERROR;
				CLANG_WARN_QUOTED_INCLUDE_IN_FRAMEWORK_HEADER = YES;
				CLANG_WARN_RANGE_LOOP_ANALYSIS = YES;
				CLANG_WARN_STRICT_PROTOTYPES = YES;
				CLANG_WARN_SUSPICIOUS_MOVE = YES;
				CLANG_WARN_UNGUARDED_AVAILABILITY = YES_AGGRESSIVE;
				CLANG_WARN_UNREACHABLE_CODE = YES;
				CLANG_WARN__DUPLICATE_METHOD_MATCH = YES;
				CODE_SIGN_IDENTITY = "";
				CODE_SIGN_INJECT_BASE_ENTITLEMENTS = YES;
				COPY_PHASE_STRIP = NO;
				DEBUG_INFORMATION_FORMAT = dwarf;
				DEVELOPMENT_TEAM = UEP4L5YQS2;
				ENABLE_STRICT_OBJC_MSGSEND = YES;
				ENABLE_TESTABILITY = YES;
				ENABLE_USER_SCRIPT_SANDBOXING = YES;
				GCC_C_LANGUAGE_STANDARD = gnu17;
				GCC_DYNAMIC_NO_PIC = NO;
				GCC_NO_COMMON_BLOCKS = YES;
				GCC_OPTIMIZATION_LEVEL = 0;
				GCC_PREPROCESSOR_DEFINITIONS = (
					"DEBUG=1",
					"$(inherited)",
				);
				GCC_WARN_64_TO_32_BIT_CONVERSION = YES;
				GCC_WARN_ABOUT_RETURN_TYPE = YES_ERROR;
				GCC_WARN_UNDECLARED_SELECTOR = YES;
				GCC_WARN_UNINITIALIZED_AUTOS = YES_AGGRESSIVE;
				GCC_WARN_UNUSED_FUNCTION = YES;
				GCC_WARN_UNUSED_VARIABLE = YES;
				IPHONEOS_DEPLOYMENT_TARGET = 18.5;
				LOCALIZATION_PREFERS_STRING_CATALOGS = YES;
				MTL_ENABLE_DEBUG_INFO = INCLUDE_SOURCE;
				MTL_FAST_MATH = YES;
				ONLY_ACTIVE_ARCH = YES;
				SDKROOT = iphoneos;
				SWIFT_ACTIVE_COMPILATION_CONDITIONS = "DEBUG $(inherited)";
				SWIFT_OPTIMIZATION_LEVEL = "-Onone";
			};
			name = Debug;
		};
		B76791322FC8FB7D0047ACA7 /* Release */ = {
			isa = XCBuildConfiguration;
			buildSettings = {
				ALWAYS_SEARCH_USER_PATHS = NO;
				ASSETCATALOG_COMPILER_GENERATE_SWIFT_ASSET_SYMBOL_EXTENSIONS = YES;
				CLANG_ANALYZER_NONNULL = YES;
				CLANG_ANALYZER_NUMBER_OBJECT_CONVERSION = YES_AGGRESSIVE;
				CLANG_CXX_LANGUAGE_STANDARD = "gnu++20";
				CLANG_ENABLE_MODULES = YES;
				CLANG_ENABLE_OBJC_ARC = YES;
				CLANG_ENABLE_OBJC_WEAK = YES;
				CLANG_WARN_BLOCK_CAPTURE_AUTORELEASING = YES;
				CLANG_WARN_BOOL_CONVERSION = YES;
				CLANG_WARN_COMMA = YES;
				CLANG_WARN_CONSTANT_CONVERSION = YES;
				CLANG_WARN_DEPRECATED_OBJC_IMPLEMENTATIONS = YES;
				CLANG_WARN_DIRECT_OBJC_ISA_USAGE = YES_ERROR;
				CLANG_WARN_DOCUMENTATION_COMMENTS = YES;
				CLANG_WARN_EMPTY_BODY = YES;
				CLANG_WARN_ENUM_CONVERSION = YES;
				CLANG_WARN_INFINITE_RECURSION = YES;
				CLANG_WARN_INT_CONVERSION = YES;
				CLANG_WARN_NON_LITERAL_NULL_CONVERSION = YES;
				CLANG_WARN_OBJC_IMPLICIT_RETAIN_SELF = YES;
				CLANG_WARN_OBJC_LITERAL_CONVERSION = YES;
				CLANG_WARN_OBJC_ROOT_CLASS = YES_ERROR;
				CLANG_WARN_QUOTED_INCLUDE_IN_FRAMEWORK_HEADER = YES;
				CLANG_WARN_RANGE_LOOP_ANALYSIS = YES;
				CLANG_WARN_STRICT_PROTOTYPES = YES;
				CLANG_WARN_SUSPICIOUS_MOVE = YES;
				CLANG_WARN_UNGUARDED_AVAILABILITY = YES_AGGRESSIVE;
				CLANG_WARN_UNREACHABLE_CODE = YES;
				CLANG_WARN__DUPLICATE_METHOD_MATCH = YES;
				CODE_SIGN_IDENTITY = "";
				CODE_SIGN_INJECT_BASE_ENTITLEMENTS = YES;
				COPY_PHASE_STRIP = NO;
				DEBUG_INFORMATION_FORMAT = "dwarf-with-dsym";
				DEVELOPMENT_TEAM = UEP4L5YQS2;
				ENABLE_NS_ASSERTIONS = NO;
				ENABLE_STRICT_OBJC_MSGSEND = YES;
				ENABLE_USER_SCRIPT_SANDBOXING = YES;
				GCC_C_LANGUAGE_STANDARD = gnu17;
				GCC_NO_COMMON_BLOCKS = YES;
				GCC_WARN_64_TO_32_BIT_CONVERSION = YES;
				GCC_WARN_ABOUT_RETURN_TYPE = YES_ERROR;
				GCC_WARN_UNDECLARED_SELECTOR = YES;
				GCC_WARN_UNINITIALIZED_AUTOS = YES_AGGRESSIVE;
				GCC_WARN_UNUSED_FUNCTION = YES;
				GCC_WARN_UNUSED_VARIABLE = YES;
				IPHONEOS_DEPLOYMENT_TARGET = 18.5;
				LOCALIZATION_PREFERS_STRING_CATALOGS = YES;
				MTL_ENABLE_DEBUG_INFO = NO;
				MTL_FAST_MATH = YES;
				SDKROOT = iphoneos;
				SWIFT_COMPILATION_MODE = wholemodule;
				VALIDATE_PRODUCT = YES;
			};
			name = Release;
		};
		B76791342FC8FB7D0047ACA7 /* Debug */ = {
			isa = XCBuildConfiguration;
			buildSettings = {
				ASSETCATALOG_COMPILER_APPICON_NAME = AppIcon;
				ASSETCATALOG_COMPILER_GLOBAL_ACCENT_COLOR_NAME = AccentColor;
				CODE_SIGN_STYLE = Manual;
				CURRENT_PROJECT_VERSION = 1;
				DEVELOPMENT_TEAM = "";
				ENABLE_PREVIEWS = YES;
				GENERATE_INFOPLIST_FILE = YES;
				INFOPLIST_KEY_UIApplicationSceneManifest_Generation = YES;
				INFOPLIST_KEY_UIApplicationSupportsIndirectInputEvents = YES;
				INFOPLIST_KEY_UILaunchScreen_Generation = YES;
				INFOPLIST_KEY_UISupportedInterfaceOrientations_iPad = "UIInterfaceOrientationPortrait UIInterfaceOrientationPortraitUpsideDown UIInterfaceOrientationLandscapeLeft UIInterfaceOrientationLandscapeRight";
				INFOPLIST_KEY_UISupportedInterfaceOrientations_iPhone = "UIInterfaceOrientationPortrait UIInterfaceOrientationLandscapeLeft UIInterfaceOrientationLandscapeRight";
				LD_RUNPATH_SEARCH_PATHS = (
					"$(inherited)",
					"@executable_path/Frameworks",
				);
				MARKETING_VERSION = 1.0;
				PRODUCT_BUNDLE_IDENTIFIER = "amguaringue.Swift-Hub-AMG";
				PRODUCT_NAME = "$(TARGET_NAME)";
				PROVISIONING_PROFILE_SPECIFIER = "";
				SWIFT_EMIT_LOC_STRINGS = YES;
				SWIFT_VERSION = 6.0;
				TARGETED_DEVICE_FAMILY = "1,2";
			};
			name = Debug;
		};
		B76791352FC8FB7D0047ACA7 /* Release */ = {
			isa = XCBuildConfiguration;
			buildSettings = {
				ASSETCATALOG_COMPILER_APPICON_NAME = AppIcon;
				ASSETCATALOG_COMPILER_GLOBAL_ACCENT_COLOR_NAME = AccentColor;
				CODE_SIGN_STYLE = Automatic;
				CURRENT_PROJECT_VERSION = 1;
				DEVELOPMENT_TEAM = UEP4L5YQS2;
				ENABLE_PREVIEWS = YES;
				GENERATE_INFOPLIST_FILE = YES;
				INFOPLIST_KEY_UIApplicationSceneManifest_Generation = YES;
				INFOPLIST_KEY_UIApplicationSupportsIndirectInputEvents = YES;
				INFOPLIST_KEY_UILaunchScreen_Generation = YES;
				INFOPLIST_KEY_UISupportedInterfaceOrientations_iPad = "UIInterfaceOrientationPortrait UIInterfaceOrientationPortraitUpsideDown UIInterfaceOrientationLandscapeLeft UIInterfaceOrientationLandscapeRight";
				INFOPLIST_KEY_UISupportedInterfaceOrientations_iPhone = "UIInterfaceOrientationPortrait UIInterfaceOrientationLandscapeLeft UIInterfaceOrientationLandscapeRight";
				LD_RUNPATH_SEARCH_PATHS = (
					"$(inherited)",
					"@executable_path/Frameworks",
				);
				MARKETING_VERSION = 1.0;
				PRODUCT_BUNDLE_IDENTIFIER = "amguaringue.Swift-Hub-AMG";
				PRODUCT_NAME = "$(TARGET_NAME)";
				SWIFT_EMIT_LOC_STRINGS = YES;
				SWIFT_VERSION = 6.0;
				TARGETED_DEVICE_FAMILY = "1,2";
			};
			name = Release;
		};
		B76791372FC8FB7D0047ACA7 /* Debug */ = {
			isa = XCBuildConfiguration;
			buildSettings = {
				BUNDLE_LOADER = "$(TEST_HOST)";
				CODE_SIGN_STYLE = Manual;
				CURRENT_PROJECT_VERSION = 1;
				DEVELOPMENT_TEAM = "";
				GENERATE_INFOPLIST_FILE = YES;
				IPHONEOS_DEPLOYMENT_TARGET = 18.5;
				MARKETING_VERSION = 1.0;
				PRODUCT_BUNDLE_IDENTIFIER = "amguaringue.Swift-Hub-AMGTests";
				PRODUCT_NAME = "$(TARGET_NAME)";
				PROVISIONING_PROFILE_SPECIFIER = "";
				SWIFT_EMIT_LOC_STRINGS = NO;
				SWIFT_VERSION = 5.0;
				TARGETED_DEVICE_FAMILY = "1,2";
				TEST_HOST = "$(BUILT_PRODUCTS_DIR)/Swift-Hub-AMG.app/$(BUNDLE_EXECUTABLE_FOLDER_PATH)/Swift-Hub-AMG";
			};
			name = Debug;
		};
		B76791382FC8FB7D0047ACA7 /* Release */ = {
			isa = XCBuildConfiguration;
			buildSettings = {
				BUNDLE_LOADER = "$(TEST_HOST)";
				CODE_SIGN_STYLE = Automatic;
				CURRENT_PROJECT_VERSION = 1;
				DEVELOPMENT_TEAM = UEP4L5YQS2;
				GENERATE_INFOPLIST_FILE = YES;
				IPHONEOS_DEPLOYMENT_TARGET = 18.5;
				MARKETING_VERSION = 1.0;
				PRODUCT_BUNDLE_IDENTIFIER = "amguaringue.Swift-Hub-AMGTests";
				PRODUCT_NAME = "$(TARGET_NAME)";
				SWIFT_EMIT_LOC_STRINGS = NO;
				SWIFT_VERSION = 5.0;
				TARGETED_DEVICE_FAMILY = "1,2";
				TEST_HOST = "$(BUILT_PRODUCTS_DIR)/Swift-Hub-AMG.app/$(BUNDLE_EXECUTABLE_FOLDER_PATH)/Swift-Hub-AMG";
			};
			name = Release;
		};
		B767913A2FC8FB7D0047ACA7 /* Debug */ = {
			isa = XCBuildConfiguration;
			buildSettings = {
				CODE_SIGN_STYLE = Manual;
				CURRENT_PROJECT_VERSION = 1;
				DEVELOPMENT_TEAM = "";
				GENERATE_INFOPLIST_FILE = YES;
				MARKETING_VERSION = 1.0;
				PRODUCT_BUNDLE_IDENTIFIER = "amguaringue.Swift-Hub-AMGTests";
				PRODUCT_NAME = "$(TARGET_NAME)";
				PROVISIONING_PROFILE_SPECIFIER = "";
				SWIFT_EMIT_LOC_STRINGS = NO;
				SWIFT_VERSION = 5.0;
				TARGETED_DEVICE_FAMILY = "1,2";
				TEST_TARGET_NAME = "Swift-Hub-AMG";
			};
			name = Debug;
		};
		B767913B2FC8FB7D0047ACA7 /* Release */ = {
			isa = XCBuildConfiguration;
			buildSettings = {
				CODE_SIGN_STYLE = Automatic;
				CURRENT_PROJECT_VERSION = 1;
				DEVELOPMENT_TEAM = UEP4L5YQS2;
				GENERATE_INFOPLIST_FILE = YES;
				MARKETING_VERSION = 1.0;
				PRODUCT_BUNDLE_IDENTIFIER = "amguaringue.Swift-Hub-AMGUITests";
				PRODUCT_NAME = "$(TARGET_NAME)";
				SWIFT_EMIT_LOC_STRINGS = NO;
				SWIFT_VERSION = 5.0;
				TARGETED_DEVICE_FAMILY = "1,2";
				TEST_TARGET_NAME = "Swift-Hub-AMG";
			};
			name = Release;
		};
/* End XCBuildConfiguration section */

/* Begin XCConfigurationList section */
		B767910B2FC8FB7C0047ACA7 /* Build configuration list for PBXProject "Swift-Hub-AMG" */ = {
			isa = XCConfigurationList;
			buildConfigurations = (
				B76791312FC8FB7D0047ACA7 /* Debug */,
				B76791322FC8FB7D0047ACA7 /* Release */,
			);
			defaultConfigurationIsVisible = 0;
			defaultConfigurationName = Release;
		};
		B76791332FC8FB7D0047ACA7 /* Build configuration list for PBXNativeTarget "Swift-Hub-AMG" */ = {
			isa = XCConfigurationList;
			buildConfigurations = (
				B76791342FC8FB7D0047ACA7 /* Debug */,
				B76791352FC8FB7D0047ACA7 /* Release */,
			);
			defaultConfigurationIsVisible = 0;
			defaultConfigurationName = Release;
		};
		B76791362FC8FB7D0047ACA7 /* Build configuration list for PBXNativeTarget "Swift-Hub-AMGTests" */ = {
			isa = XCConfigurationList;
			buildConfigurations = (
				B76791372FC8FB7D0047ACA7 /* Debug */,
				B76791382FC8FB7D0047ACA7 /* Release */,
			);
			defaultConfigurationIsVisible = 0;
			defaultConfigurationName = Release;
		};
		B76791392FC8FB7D0047ACA7 /* Build configuration list for PBXNativeTarget "Swift-Hub-AMGUITests" */ = {
			isa = XCConfigurationList;
			buildConfigurations = (
				B767913A2FC8FB7D0047ACA7 /* Debug */,
				B767913B2FC8FB7D0047ACA7 /* Release */,
			);
			defaultConfigurationIsVisible = 0;
			defaultConfigurationName = Release;
		};
/* End XCConfigurationList section */
	};
	rootObject = B76791082FC8FB7C0047ACA7 /* Project object */;
}
